
Microsoft Visual Studio Solution File, Format Version 12.00
# Visual Studio Version 17
VisualStudioVersion = 17.5.33516.290
MinimumVisualStudioVersion = 10.0.40219.1
Project("{9A19103F-16F7-4668-BE54-9A1E7A4F7556}") = "Coursework.Domain", "Coursework.Domain\Coursework.Domain.csproj", "{7E596A3B-F8F8-4A3A-96EC-BAC99D762BC0}"
EndProject
Project("{9A19103F-16F7-4668-BE54-9A1E7A4F7556}") = "Coursework.DAL", "Coursework.DAL\Coursework.DAL.csproj", "{FEB8A3B6-DB4D-4706-A45F-82B3E914A491}"
EndProject
Project("{9A19103F-16F7-4668-BE54-9A1E7A4F7556}") = "Coursework.BLL", "Coursework.BLL\Coursework.BLL.csproj", "{A8036C13-ED83-4C6C-8F77-782CD6C1D54B}"
EndProject
Project("{9A19103F-16F7-4668-BE54-9A1E7A4F7556}") = "Coursework.UI", "Coursework.UI\Coursework.UI.csproj", "{0D4ED7F8-D471-4E72-AEB5-B2700D8E717F}"
EndProject
Project("{FAE04EC0-301F-11D3-BF4B-00C04F79EFBC}") = "DataBase", "Coursework.UI\bin\Debug\net6.0-windows\SQLite", "{86ECA36E-E4F9-44E2-B2AB-3740F7D83D85}"
EndProject
Global
	GlobalSection(SolutionConfigurationPlatforms) = preSolution
		Debug|Any CPU = Debug|Any CPU
		Release|Any CPU = Release|Any CPU
	EndGlobalSection
	GlobalSection(ProjectConfigurationPlatforms) = postSolution
		{7E596A3B-F8F8-4A3A-96EC-BAC99D762BC0}.Debug|Any CPU.ActiveCfg = Debug|Any CPU
		{7E596A3B-F8F8-4A3A-96EC-BAC99D762BC0}.Debug|Any CPU.Build.0 = Debug|Any CPU
		{7E596A3B-F8F8-4A3A-96EC-BAC99D762BC0}.Release|Any CPU.ActiveCfg = Release|Any CPU
		{7E596A3B-F8F8-4A3A-96EC-BAC99D762BC0}.Release|Any CPU.Build.0 = Release|Any CPU
		{FEB8A3B6-DB4D-4706-A45F-82B3E914A491}.Debug|Any CPU.ActiveCfg = Debug|Any CPU
		{FEB8A3B6-DB4D-4706-A45F-82B3E914A491}.Debug|Any CPU.Build.0 = Debug|Any CPU
		{FEB8A3B6-DB4D-4706-A45F-82B3E914A491}.Release|Any CPU.ActiveCfg = Release|Any CPU
		{FEB8A3B6-DB4D-4706-A45F-82B3E914A491}.Release|Any CPU.Build.0 = Release|Any CPU
		{A8036C13-ED83-4C6C-8F77-782CD6C1D54B}.Debug|Any CPU.ActiveCfg = Debug|Any CPU
		{A8036C13-ED83-4C6C-8F77-782CD6C1D54B}.Debug|Any CPU.Build.0 = Debug|Any CPU
		{A8036C13-ED83-4C6C-8F77-782CD6C1D54B}.Release|Any CPU.ActiveCfg = Release|Any CPU
		{A8036C13-ED83-4C6C-8F77-782CD6C1D54B}.Release|Any CPU.Build.0 = Release|Any CPU
		{0D4ED7F8-D471-4E72-AEB5-B2700D8E717F}.Debug|Any CPU.ActiveCfg = Debug|Any CPU
		{0D4ED7F8-D471-4E72-AEB5-B2700D8E717F}.Debug|Any CPU.Build.0 = Debug|Any CPU
		{0D4ED7F8-D471-4E72-AEB5-B2700D8E717F}.Release|Any CPU.ActiveCfg = Release|Any CPU
		{0D4ED7F8-D471-4E72-AEB5-B2700D8E717F}.Release|Any CPU.Build.0 = Release|Any CPU
		{86ECA36E-E4F9-44E2-B2AB-3740F7D83D85}.Debug|Any CPU.ActiveCfg = Debug|Any CPU
		{86ECA36E-E4F9-44E2-B2AB-3740F7D83D85}.Debug|Any CPU.Build.0 = Debug|Any CPU
		{86ECA36E-E4F9-44E2-B2AB-3740F7D83D85}.Release|Any CPU.ActiveCfg = Release|Any CPU
		{86ECA36E-E4F9-44E2-B2AB-3740F7D83D85}.Release|Any CPU.Build.0 = Release|Any CPU
	EndGlobalSection
	GlobalSection(SolutionProperties) = preSolution
		HideSolutionNode = FALSE
	EndGlobalSection
EndGlobal
